version: v0.98.1
dependencies:
- name: dex
  repository: https://kubernetes-charts.storage.googleapis.com
  version: 2.6.1
- name: prometheus-operator
  repository: https://kubernetes-charts.storage.googleapis.com
  version: 8.5.0
digest: sha256:3a9f41fb32e90cce2b73cea1a0c62fdce7bb33767b57812b6f8edf3510f16be6
generated: "2020-01-17T22:24:04.848962238+01:00"
