dependencies:
- name: postgres
  repository: file://../postgres
  version: 0.1.0
- name: ingressroute
  repository: file://../ingressroute
  version: 0.0.1
- name: common
  repository: file://../common
  version: 0.0.5
digest: sha256:b2ffeaf938be004ca8738eff1b023b537ba001d814497510ee4dc63155c33d59
generated: "2019-12-28T03:05:34.205411401+01:00"
