dependencies:
- name: postgres
  repository: file://../postgres
  version: 0.1.0
- name: ingress
  repository: file://../ingress
  version: 0.0.1
- name: common
  repository: file://../common
  version: 0.0.5
digest: sha256:b5d4db8994e3cee00a6b4576170843867601aca435c0d59690a63fb8a401c225
generated: "2019-12-29T04:09:41.331762998+01:00"
