dependencies:
- name: traefik
  repository: file://../traefik-fork
  version: 1.70.0
- name: auth-proxy
  repository: file://../auth-proxy
  version: 0.0.1
- name: restic
  repository: file://../restic
  version: 0.0.1
digest: sha256:0a25cf923e3467b6a707edfe35945dcc5ba8ca21999f40eab83074ef9e712861
generated: "2019-07-02T20:23:20.734203762+02:00"
