dependencies:
- name: traefik
  repository: file://../traefik-fork
  version: 1.70.2
- name: auth-proxy
  repository: file://../auth-proxy
  version: 0.0.1
- name: restic
  repository: file://../restic
  version: 0.0.1
digest: sha256:65f8f6095da3fde8c5476db2229eb76e62f15764d085261743bcc09beb53eb10
generated: "2019-07-17T01:33:14.291613735+02:00"
